
Microsoft Visual Studio Solution File, Format Version 12.00
# Visual Studio Version 17
VisualStudioVersion = 17.0.31919.166
MinimumVisualStudioVersion = 10.0.40219.1
Project("{FAE04EC0-301F-11D3-BF4B-00C04F79EFBC}") = "Hotel.Core", "Hotel.Core\Hotel.Core.csproj", "{2BD1951A-338B-4C29-81D9-9AA65B6D71CB}"
EndProject
Project("{FAE04EC0-301F-11D3-BF4B-00C04F79EFBC}") = "Hotel.Core.Test", "Hotel.Core.Test\Hotel.Core.Test.csproj", "{1E63A4DF-995E-44A8-B0ED-ECE7D3F0C848}"
EndProject
Global
	GlobalSection(SolutionConfigurationPlatforms) = preSolution
		Debug|Any CPU = Debug|Any CPU
		Release|Any CPU = Release|Any CPU
	EndGlobalSection
	GlobalSection(ProjectConfigurationPlatforms) = postSolution
		{2BD1951A-338B-4C29-81D9-9AA65B6D71CB}.Debug|Any CPU.ActiveCfg = Debug|Any CPU
		{2BD1951A-338B-4C29-81D9-9AA65B6D71CB}.Debug|Any CPU.Build.0 = Debug|Any CPU
		{2BD1951A-338B-4C29-81D9-9AA65B6D71CB}.Release|Any CPU.ActiveCfg = Release|Any CPU
		{2BD1951A-338B-4C29-81D9-9AA65B6D71CB}.Release|Any CPU.Build.0 = Release|Any CPU
		{1E63A4DF-995E-44A8-B0ED-ECE7D3F0C848}.Debug|Any CPU.ActiveCfg = Debug|Any CPU
		{1E63A4DF-995E-44A8-B0ED-ECE7D3F0C848}.Debug|Any CPU.Build.0 = Debug|Any CPU
		{1E63A4DF-995E-44A8-B0ED-ECE7D3F0C848}.Release|Any CPU.ActiveCfg = Release|Any CPU
		{1E63A4DF-995E-44A8-B0ED-ECE7D3F0C848}.Release|Any CPU.Build.0 = Release|Any CPU
	EndGlobalSection
	GlobalSection(SolutionProperties) = preSolution
		HideSolutionNode = FALSE
	EndGlobalSection
	GlobalSection(ExtensibilityGlobals) = postSolution
		SolutionGuid = {AD3FA047-7D8E-4099-B933-EA82EBC21F11}
	EndGlobalSection
EndGlobal
